<?xml version="1.0" encoding="utf-8"?>
<Project ToolsVersion="4.0" xmlns="http://schemas.microsoft.com/developer/msbuild/2003">
  <ItemGroup>
    <ClCompile Include="Main.cpp" />
    <ClCompile Include="MainGame.cpp" />
    <ClCompile Include="stdafx.cpp" />
    <ClCompile Include="Materials\ColorMaterial.cpp" />
    <ClCompile Include="Prefabs\SpherePrefab.cpp" />
    <ClCompile Include="Prefabs\TorusPrefab.cpp" />
    <ClCompile Include="Prefabs\CubePrefab.cpp" />
    <ClCompile Include="Materials\DiffuseMaterial.cpp" />
    <ClCompile Include="Materials\UberMaterial.cpp" />
    <ClCompile Include="Materials\SpikyMaterial.cpp" />
    <ClCompile Include="Prefabs\Character.cpp" />
    <ClCompile Include="Prefabs\BoneObject.cpp" />
    <ClCompile Include="Materials\DiffuseMaterial_Skinned.cpp" />
    <ClCompile Include="Materials\Shadow\DiffuseMaterial_Shadow.cpp" />
    <ClCompile Include="Materials\Shadow\DiffuseMaterial_Shadow_Skinned.cpp" />
    <ClCompile Include="Materials\Post\PostGrayscale.cpp" />
    <ClCompile Include="Materials\Post\PostBlur.cpp" />
    <ClCompile Include="Scenes\Game\CrashGameScene.cpp" />
    <ClCompile Include="Prefabs\Game\CrashBandicoot.cpp" />
    <ClCompile Include="Prefabs\Game\Crate.cpp" />
    <ClCompile Include="Prefabs\Game\CheckPoint.cpp" />
    <ClCompile Include="Prefabs\Game\TNTCrate.cpp" />
    <ClCompile Include="Prefabs\Game\WumpaFruit.cpp" />
    <ClCompile Include="Prefabs\Game\LifePickup.cpp" />
    <ClCompile Include="Materials\Post\PostVignette.cpp" />
    <ClCompile Include="Prefabs\Game\Menu.cpp" />
    <ClCompile Include="Prefabs\Game\HUD.cpp" />
    <ClCompile Include="Prefabs\Game\PauseMenu.cpp" />
    <ClCompile Include="Scenes\Game\MenuScene.cpp" />
    <ClCompile Include="Prefabs\Game\DeathBox.cpp" />
    <ClCompile Include="Prefabs\Game\DeathScreen.cpp" />
    <ClCompile Include="Scenes\Game\DeathScene.cpp" />
    <ClCompile Include="Prefabs\Game\Obstacle.cpp" />
    <ClCompile Include="Prefabs\Game\EndPoint.cpp" />
    <ClCompile Include="Prefabs\Game\EndScreen.cpp" />
    <ClCompile Include="Scenes\Game\WinScene.cpp" />
    <ClCompile Include="Prefabs\Game\CrashCamera.cpp" />
    <ClCompile Include="Prefabs\Game\CameraSwitch.cpp" />
    <ClCompile Include="Prefabs\Game\Tree.cpp" />
    <ClCompile Include="Materials\SkyboxMaterial.cpp" />
    <ClCompile Include="Prefabs\SkyboxPre.cpp" />
  </ItemGroup>
  <ItemGroup>
    <ClInclude Include="MainGame.h" />
    <ClInclude Include="stdafx.h" />
    <ClInclude Include="Materials\ColorMaterial.h" />
    <ClInclude Include="Prefabs\SpherePrefab.h" />
    <ClInclude Include="Prefabs\TorusPrefab.h" />
    <ClInclude Include="Prefabs\CubePrefab.h" />
    <ClInclude Include="Materials\DiffuseMaterial.h" />
    <ClInclude Include="Materials\UberMaterial.h" />
    <ClInclude Include="Materials\SpikyMaterial.h" />
    <ClInclude Include="Prefabs\Character.h" />
    <ClInclude Include="Prefabs\BoneObject.h" />
    <ClInclude Include="Materials\DiffuseMaterial_Skinned.h" />
    <ClInclude Include="Materials\Shadow\DiffuseMaterial_Shadow.h" />
    <ClInclude Include="Materials\Shadow\DiffuseMaterial_Shadow_Skinned.h" />
    <ClInclude Include="Materials\Post\PostGrayscale.h" />
    <ClInclude Include="Materials\Post\PostBlur.h" />
    <ClInclude Include="Scenes\Game\CrashGameScene.h" />
    <ClInclude Include="Prefabs\Game\CrashBandicoot.h" />
    <ClInclude Include="Prefabs\Game\Crate.h" />
    <ClInclude Include="Prefabs\Game\CheckPoint.h" />
    <ClInclude Include="Prefabs\Game\TNTCrate.h" />
    <ClInclude Include="Prefabs\Game\WumpaFruit.h" />
    <ClInclude Include="Prefabs\Game\LifePickup.h" />
    <ClInclude Include="Materials\Post\PostVignette.h" />
    <ClInclude Include="Prefabs\Game\Menu.h" />
    <ClInclude Include="Prefabs\Game\Controls.h" />
    <ClInclude Include="Prefabs\Game\HUD.h" />
    <ClInclude Include="Prefabs\Game\PauseMenu.h" />
    <ClInclude Include="Scenes\Game\MenuScene.h" />
    <ClInclude Include="Prefabs\Game\DeathBox.h" />
    <ClInclude Include="Prefabs\Game\DeathScreen.h" />
    <ClInclude Include="Scenes\Game\DeathScene.h" />
    <ClInclude Include="Prefabs\Game\Obstacle.h" />
    <ClInclude Include="Prefabs\Game\EndPoint.h" />
    <ClInclude Include="Prefabs\Game\EndScreen.h" />
    <ClInclude Include="Scenes\Game\WinScene.h" />
    <ClInclude Include="Prefabs\Game\CrashCamera.h" />
    <ClInclude Include="Prefabs\Game\CameraSwitch.h" />
    <ClInclude Include="Prefabs\Game\Tree.h" />
    <ClInclude Include="Materials\SkyboxMaterial.h" />
    <ClInclude Include="Prefabs\SkyboxPre.h" />
  </ItemGroup>
</Project>